// !$*UTF8*$!
{
	archiveVersion = 1;
	classes = {
	};
	objectVersion = 50;
	objects = {

/* Begin PBXBuildFile section */
		57020B1E2277542300FDC893 /* AppDelegate.swift in Sources */ = {isa = PBXBuildFile; fileRef = 57020B1D2277542300FDC893 /* AppDelegate.swift */; };
		57020B232277542300FDC893 /* Main.storyboard in Resources */ = {isa = PBXBuildFile; fileRef = 57020B212277542300FDC893 /* Main.storyboard */; };
		57020B252277542400FDC893 /* Assets.xcassets in Resources */ = {isa = PBXBuildFile; fileRef = 57020B242277542400FDC893 /* Assets.xcassets */; };
		57020B282277542400FDC893 /* LaunchScreen.storyboard in Resources */ = {isa = PBXBuildFile; fileRef = 57020B262277542400FDC893 /* LaunchScreen.storyboard */; };
		57020B332277542400FDC893 /* _019_ios_hw8Tests.swift in Sources */ = {isa = PBXBuildFile; fileRef = 57020B322277542400FDC893 /* _019_ios_hw8Tests.swift */; };
		57020B3E2277542400FDC893 /* _019_ios_hw8UITests.swift in Sources */ = {isa = PBXBuildFile; fileRef = 57020B3D2277542400FDC893 /* _019_ios_hw8UITests.swift */; };
		57020B4C2277552800FDC893 /* Puzzle.swift in Sources */ = {isa = PBXBuildFile; fileRef = 57020B4B2277552800FDC893 /* Puzzle.swift */; };
		57020B4F2277573F00FDC893 /* NetworkController.swift in Sources */ = {isa = PBXBuildFile; fileRef = 57020B4E2277573F00FDC893 /* NetworkController.swift */; };
		57020B51227757A900FDC893 /* gameViewController.swift in Sources */ = {isa = PBXBuildFile; fileRef = 57020B50227757A900FDC893 /* gameViewController.swift */; };
		57179155227D1F0800F6ED3F /* MenuViewController.swift in Sources */ = {isa = PBXBuildFile; fileRef = 57179154227D1F0800F6ED3F /* MenuViewController.swift */; };
		577A1A1222800474009F7C2A /* WallpaperViewController.swift in Sources */ = {isa = PBXBuildFile; fileRef = 577A1A1122800474009F7C2A /* WallpaperViewController.swift */; };
		57A5207E227C56B300428EB1 /* record.swift in Sources */ = {isa = PBXBuildFile; fileRef = 57A5207D227C56B300428EB1 /* record.swift */; };
		57A52080227C5AE800428EB1 /* ScoreBoardViewController.swift in Sources */ = {isa = PBXBuildFile; fileRef = 57A5207F227C5AE800428EB1 /* ScoreBoardViewController.swift */; };
		57B8084B22833D6500C0A245 /* win.wav in Resources */ = {isa = PBXBuildFile; fileRef = 57B8084A22833D6500C0A245 /* win.wav */; };
		57DE5F44227D24DA0025C49E /* MenuTableViewCell.swift in Sources */ = {isa = PBXBuildFile; fileRef = 57DE5F43227D24DA0025C49E /* MenuTableViewCell.swift */; };
		57F886D6227F3A0600828925 /* ShareWallpaperViewController.swift in Sources */ = {isa = PBXBuildFile; fileRef = 57F886D5227F3A0600828925 /* ShareWallpaperViewController.swift */; };
		57F9DC73227D8ED9007DABA4 /* ScoreBoardTableViewCell.swift in Sources */ = {isa = PBXBuildFile; fileRef = 57F9DC72227D8ED9007DABA4 /* ScoreBoardTableViewCell.swift */; };
/* End PBXBuildFile section */

/* Begin PBXContainerItemProxy section */
		57020B2F2277542400FDC893 /* PBXContainerItemProxy */ = {
			isa = PBXContainerItemProxy;
			containerPortal = 57020B122277542200FDC893 /* Project object */;
			proxyType = 1;
			remoteGlobalIDString = 57020B192277542300FDC893;
			remoteInfo = 2019_ios_hw8;
		};
		57020B3A2277542400FDC893 /* PBXContainerItemProxy */ = {
			isa = PBXContainerItemProxy;
			containerPortal = 57020B122277542200FDC893 /* Project object */;
			proxyType = 1;
			remoteGlobalIDString = 57020B192277542300FDC893;
			remoteInfo = 2019_ios_hw8;
		};
/* End PBXContainerItemProxy section */

/* Begin PBXFileReference section */
		57020B1A2277542300FDC893 /* 2019_ios_hw8.app */ = {isa = PBXFileReference; explicitFileType = wrapper.application; includeInIndex = 0; path = 2019_ios_hw8.app; sourceTree = BUILT_PRODUCTS_DIR; };
		57020B1D2277542300FDC893 /* AppDelegate.swift */ = {isa = PBXFileReference; lastKnownFileType = sourcecode.swift; path = AppDelegate.swift; sourceTree = "<group>"; };
		57020B222277542300FDC893 /* Base */ = {isa = PBXFileReference; lastKnownFileType = file.storyboard; name = Base; path = Base.lproj/Main.storyboard; sourceTree = "<group>"; };
		57020B242277542400FDC893 /* Assets.xcassets */ = {isa = PBXFileReference; lastKnownFileType = folder.assetcatalog; path = Assets.xcassets; sourceTree = "<group>"; };
		57020B272277542400FDC893 /* Base */ = {isa = PBXFileReference; lastKnownFileType = file.storyboard; name = Base; path = Base.lproj/LaunchScreen.storyboard; sourceTree = "<group>"; };
		57020B292277542400FDC893 /* Info.plist */ = {isa = PBXFileReference; lastKnownFileType = text.plist.xml; path = Info.plist; sourceTree = "<group>"; };
		57020B2E2277542400FDC893 /* 2019_ios_hw8Tests.xctest */ = {isa = PBXFileReference; explicitFileType = wrapper.cfbundle; includeInIndex = 0; path = 2019_ios_hw8Tests.xctest; sourceTree = BUILT_PRODUCTS_DIR; };
		57020B322277542400FDC893 /* _019_ios_hw8Tests.swift */ = {isa = PBXFileReference; lastKnownFileType = sourcecode.swift; path = _019_ios_hw8Tests.swift; sourceTree = "<group>"; };
		57020B342277542400FDC893 /* Info.plist */ = {isa = PBXFileReference; lastKnownFileType = text.plist.xml; path = Info.plist; sourceTree = "<group>"; };
		57020B392277542400FDC893 /* 2019_ios_hw8UITests.xctest */ = {isa = PBXFileReference; explicitFileType = wrapper.cfbundle; includeInIndex = 0; path = 2019_ios_hw8UITests.xctest; sourceTree = BUILT_PRODUCTS_DIR; };
		57020B3D2277542400FDC893 /* _019_ios_hw8UITests.swift */ = {isa = PBXFileReference; lastKnownFileType = sourcecode.swift; path = _019_ios_hw8UITests.swift; sourceTree = "<group>"; };
		57020B3F2277542400FDC893 /* Info.plist */ = {isa = PBXFileReference; lastKnownFileType = text.plist.xml; path = Info.plist; sourceTree = "<group>"; };
		57020B4B2277552800FDC893 /* Puzzle.swift */ = {isa = PBXFileReference; lastKnownFileType = sourcecode.swift; path = Puzzle.swift; sourceTree = "<group>"; };
		57020B4E2277573F00FDC893 /* NetworkController.swift */ = {isa = PBXFileReference; lastKnownFileType = sourcecode.swift; path = NetworkController.swift; sourceTree = "<group>"; };
		57020B50227757A900FDC893 /* gameViewController.swift */ = {isa = PBXFileReference; lastKnownFileType = sourcecode.swift; path = gameViewController.swift; sourceTree = "<group>"; };
		57179154227D1F0800F6ED3F /* MenuViewController.swift */ = {isa = PBXFileReference; lastKnownFileType = sourcecode.swift; path = MenuViewController.swift; sourceTree = "<group>"; };
		577A1A1122800474009F7C2A /* WallpaperViewController.swift */ = {isa = PBXFileReference; lastKnownFileType = sourcecode.swift; path = WallpaperViewController.swift; sourceTree = "<group>"; };
		57A5207D227C56B300428EB1 /* record.swift */ = {isa = PBXFileReference; lastKnownFileType = sourcecode.swift; path = record.swift; sourceTree = "<group>"; };
		57A5207F227C5AE800428EB1 /* ScoreBoardViewController.swift */ = {isa = PBXFileReference; lastKnownFileType = sourcecode.swift; path = ScoreBoardViewController.swift; sourceTree = "<group>"; };
		57B8084A22833D6500C0A245 /* win.wav */ = {isa = PBXFileReference; lastKnownFileType = audio.wav; path = win.wav; sourceTree = "<group>"; };
		57DE5F43227D24DA0025C49E /* MenuTableViewCell.swift */ = {isa = PBXFileReference; lastKnownFileType = sourcecode.swift; path = MenuTableViewCell.swift; sourceTree = "<group>"; };
		57F886D5227F3A0600828925 /* ShareWallpaperViewController.swift */ = {isa = PBXFileReference; lastKnownFileType = sourcecode.swift; path = ShareWallpaperViewController.swift; sourceTree = "<group>"; };
		57F9DC72227D8ED9007DABA4 /* ScoreBoardTableViewCell.swift */ = {isa = PBXFileReference; lastKnownFileType = sourcecode.swift; path = ScoreBoardTableViewCell.swift; sourceTree = "<group>"; };
/* End PBXFileReference section */

/* Begin PBXFrameworksBuildPhase section */
		57020B172277542300FDC893 /* Frameworks */ = {
			isa = PBXFrameworksBuildPhase;
			buildActionMask = 2147483647;
			files = (
			);
			runOnlyForDeploymentPostprocessing = 0;
		};
		57020B2B2277542400FDC893 /* Frameworks */ = {
			isa = PBXFrameworksBuildPhase;
			buildActionMask = 2147483647;
			files = (
			);
			runOnlyForDeploymentPostprocessing = 0;
		};
		57020B362277542400FDC893 /* Frameworks */ = {
			isa = PBXFrameworksBuildPhase;
			buildActionMask = 2147483647;
			files = (
			);
			runOnlyForDeploymentPostprocessing = 0;
		};
/* End PBXFrameworksBuildPhase section */

/* Begin PBXGroup section */
		57020B112277542200FDC893 = {
			isa = PBXGroup;
			children = (
				57B8084A22833D6500C0A245 /* win.wav */,
				57020B1C2277542300FDC893 /* 2019_ios_hw8 */,
				57020B312277542400FDC893 /* 2019_ios_hw8Tests */,
				57020B3C2277542400FDC893 /* 2019_ios_hw8UITests */,
				57020B1B2277542300FDC893 /* Products */,
			);
			sourceTree = "<group>";
		};
		57020B1B2277542300FDC893 /* Products */ = {
			isa = PBXGroup;
			children = (
				57020B1A2277542300FDC893 /* 2019_ios_hw8.app */,
				57020B2E2277542400FDC893 /* 2019_ios_hw8Tests.xctest */,
				57020B392277542400FDC893 /* 2019_ios_hw8UITests.xctest */,
			);
			name = Products;
			sourceTree = "<group>";
		};
		57020B1C2277542300FDC893 /* 2019_ios_hw8 */ = {
			isa = PBXGroup;
			children = (
				57020B53227757E900FDC893 /* Controller */,
				57020B52227757BC00FDC893 /* View */,
				57020B4D2277553A00FDC893 /* Model */,
				57020B1D2277542300FDC893 /* AppDelegate.swift */,
				57020B212277542300FDC893 /* Main.storyboard */,
				57020B242277542400FDC893 /* Assets.xcassets */,
				57020B262277542400FDC893 /* LaunchScreen.storyboard */,
				57020B292277542400FDC893 /* Info.plist */,
			);
			path = 2019_ios_hw8;
			sourceTree = "<group>";
		};
		57020B312277542400FDC893 /* 2019_ios_hw8Tests */ = {
			isa = PBXGroup;
			children = (
				57020B322277542400FDC893 /* _019_ios_hw8Tests.swift */,
				57020B342277542400FDC893 /* Info.plist */,
			);
			path = 2019_ios_hw8Tests;
			sourceTree = "<group>";
		};
		57020B3C2277542400FDC893 /* 2019_ios_hw8UITests */ = {
			isa = PBXGroup;
			children = (
				57020B3D2277542400FDC893 /* _019_ios_hw8UITests.swift */,
				57020B3F2277542400FDC893 /* Info.plist */,
			);
			path = 2019_ios_hw8UITests;
			sourceTree = "<group>";
		};
		57020B4D2277553A00FDC893 /* Model */ = {
			isa = PBXGroup;
			children = (
				57020B4B2277552800FDC893 /* Puzzle.swift */,
				57A5207D227C56B300428EB1 /* record.swift */,
			);
			path = Model;
			sourceTree = "<group>";
		};
		57020B52227757BC00FDC893 /* View */ = {
			isa = PBXGroup;
			children = (
				57F886D5227F3A0600828925 /* ShareWallpaperViewController.swift */,
				577A1A1122800474009F7C2A /* WallpaperViewController.swift */,
				57DE5F43227D24DA0025C49E /* MenuTableViewCell.swift */,
				57179154227D1F0800F6ED3F /* MenuViewController.swift */,
				57F9DC72227D8ED9007DABA4 /* ScoreBoardTableViewCell.swift */,
				57A5207F227C5AE800428EB1 /* ScoreBoardViewController.swift */,
				57020B50227757A900FDC893 /* gameViewController.swift */,
			);
			path = View;
			sourceTree = "<group>";
		};
		57020B53227757E900FDC893 /* Controller */ = {
			isa = PBXGroup;
			children = (
				57020B4E2277573F00FDC893 /* NetworkController.swift */,
			);
			path = Controller;
			sourceTree = "<group>";
		};
/* End PBXGroup section */

/* Begin PBXNativeTarget section */
		57020B192277542300FDC893 /* 2019_ios_hw8 */ = {
			isa = PBXNativeTarget;
			buildConfigurationList = 57020B422277542400FDC893 /* Build configuration list for PBXNativeTarget "2019_ios_hw8" */;
			buildPhases = (
				57020B162277542300FDC893 /* Sources */,
				57020B172277542300FDC893 /* Frameworks */,
				57020B182277542300FDC893 /* Resources */,
			);
			buildRules = (
			);
			dependencies = (
			);
			name = 2019_ios_hw8;
			productName = 2019_ios_hw8;
			productReference = 57020B1A2277542300FDC893 /* 2019_ios_hw8.app */;
			productType = "com.apple.product-type.application";
		};
		57020B2D2277542400FDC893 /* 2019_ios_hw8Tests */ = {
			isa = PBXNativeTarget;
			buildConfigurationList = 57020B452277542400FDC893 /* Build configuration list for PBXNativeTarget "2019_ios_hw8Tests" */;
			buildPhases = (
				57020B2A2277542400FDC893 /* Sources */,
				57020B2B2277542400FDC893 /* Frameworks */,
				57020B2C2277542400FDC893 /* Resources */,
			);
			buildRules = (
			);
			dependencies = (
				57020B302277542400FDC893 /* PBXTargetDependency */,
			);
			name = 2019_ios_hw8Tests;
			productName = 2019_ios_hw8Tests;
			productReference = 57020B2E2277542400FDC893 /* 2019_ios_hw8Tests.xctest */;
			productType = "com.apple.product-type.bundle.unit-test";
		};
		57020B382277542400FDC893 /* 2019_ios_hw8UITests */ = {
			isa = PBXNativeTarget;
			buildConfigurationList = 57020B482277542400FDC893 /* Build configuration list for PBXNativeTarget "2019_ios_hw8UITests" */;
			buildPhases = (
				57020B352277542400FDC893 /* Sources */,
				57020B362277542400FDC893 /* Frameworks */,
				57020B372277542400FDC893 /* Resources */,
			);
			buildRules = (
			);
			dependencies = (
				57020B3B2277542400FDC893 /* PBXTargetDependency */,
			);
			name = 2019_ios_hw8UITests;
			productName = 2019_ios_hw8UITests;
			productReference = 57020B392277542400FDC893 /* 2019_ios_hw8UITests.xctest */;
			productType = "com.apple.product-type.bundle.ui-testing";
		};
/* End PBXNativeTarget section */

/* Begin PBXProject section */
		57020B122277542200FDC893 /* Project object */ = {
			isa = PBXProject;
			attributes = {
				LastSwiftUpdateCheck = 1010;
				LastUpgradeCheck = 1010;
				ORGANIZATIONNAME = river;
				TargetAttributes = {
					57020B192277542300FDC893 = {
						CreatedOnToolsVersion = 10.1;
					};
					57020B2D2277542400FDC893 = {
						CreatedOnToolsVersion = 10.1;
						TestTargetID = 57020B192277542300FDC893;
					};
					57020B382277542400FDC893 = {
						CreatedOnToolsVersion = 10.1;
						TestTargetID = 57020B192277542300FDC893;
					};
				};
			};
			buildConfigurationList = 57020B152277542200FDC893 /* Build configuration list for PBXProject "2019_ios_hw8" */;
			compatibilityVersion = "Xcode 9.3";
			developmentRegion = en;
			hasScannedForEncodings = 0;
			knownRegions = (
				en,
				Base,
			);
			mainGroup = 57020B112277542200FDC893;
			productRefGroup = 57020B1B2277542300FDC893 /* Products */;
			projectDirPath = "";
			projectRoot = "";
			targets = (
				57020B192277542300FDC893 /* 2019_ios_hw8 */,
				57020B2D2277542400FDC893 /* 2019_ios_hw8Tests */,
				57020B382277542400FDC893 /* 2019_ios_hw8UITests */,
			);
		};
/* End PBXProject section */

/* Begin PBXResourcesBuildPhase section */
		57020B182277542300FDC893 /* Resources */ = {
			isa = PBXResourcesBuildPhase;
			buildActionMask = 2147483647;
			files = (
				57020B282277542400FDC893 /* LaunchScreen.storyboard in Resources */,
				57B8084B22833D6500C0A245 /* win.wav in Resources */,
				57020B252277542400FDC893 /* Assets.xcassets in Resources */,
				57020B232277542300FDC893 /* Main.storyboard in Resources */,
			);
			runOnlyForDeploymentPostprocessing = 0;
		};
		57020B2C2277542400FDC893 /* Resources */ = {
			isa = PBXResourcesBuildPhase;
			buildActionMask = 2147483647;
			files = (
			);
			runOnlyForDeploymentPostprocessing = 0;
		};
		57020B372277542400FDC893 /* Resources */ = {
			isa = PBXResourcesBuildPhase;
			buildActionMask = 2147483647;
			files = (
			);
			runOnlyForDeploymentPostprocessing = 0;
		};
/* End PBXResourcesBuildPhase section */

/* Begin PBXSourcesBuildPhase section */
		57020B162277542300FDC893 /* Sources */ = {
			isa = PBXSourcesBuildPhase;
			buildActionMask = 2147483647;
			files = (
				57020B51227757A900FDC893 /* gameViewController.swift in Sources */,
				57020B4F2277573F00FDC893 /* NetworkController.swift in Sources */,
				57DE5F44227D24DA0025C49E /* MenuTableViewCell.swift in Sources */,
				57F886D6227F3A0600828925 /* ShareWallpaperViewController.swift in Sources */,
				57020B4C2277552800FDC893 /* Puzzle.swift in Sources */,
				57179155227D1F0800F6ED3F /* MenuViewController.swift in Sources */,
				57020B1E2277542300FDC893 /* AppDelegate.swift in Sources */,
				57A52080227C5AE800428EB1 /* ScoreBoardViewController.swift in Sources */,
				57A5207E227C56B300428EB1 /* record.swift in Sources */,
				577A1A1222800474009F7C2A /* WallpaperViewController.swift in Sources */,
				57F9DC73227D8ED9007DABA4 /* ScoreBoardTableViewCell.swift in Sources */,
			);
			runOnlyForDeploymentPostprocessing = 0;
		};
		57020B2A2277542400FDC893 /* Sources */ = {
			isa = PBXSourcesBuildPhase;
			buildActionMask = 2147483647;
			files = (
				57020B332277542400FDC893 /* _019_ios_hw8Tests.swift in Sources */,
			);
			runOnlyForDeploymentPostprocessing = 0;
		};
		57020B352277542400FDC893 /* Sources */ = {
			isa = PBXSourcesBuildPhase;
			buildActionMask = 2147483647;
			files = (
				57020B3E2277542400FDC893 /* _019_ios_hw8UITests.swift in Sources */,
			);
			runOnlyForDeploymentPostprocessing = 0;
		};
/* End PBXSourcesBuildPhase section */

/* Begin PBXTargetDependency section */
		57020B302277542400FDC893 /* PBXTargetDependency */ = {
			isa = PBXTargetDependency;
			target = 57020B192277542300FDC893 /* 2019_ios_hw8 */;
			targetProxy = 57020B2F2277542400FDC893 /* PBXContainerItemProxy */;
		};
		57020B3B2277542400FDC893 /* PBXTargetDependency */ = {
			isa = PBXTargetDependency;
			target = 57020B192277542300FDC893 /* 2019_ios_hw8 */;
			targetProxy = 57020B3A2277542400FDC893 /* PBXContainerItemProxy */;
		};
/* End PBXTargetDependency section */

/* Begin PBXVariantGroup section */
		57020B212277542300FDC893 /* Main.storyboard */ = {
			isa = PBXVariantGroup;
			children = (
				57020B222277542300FDC893 /* Base */,
			);
			name = Main.storyboard;
			sourceTree = "<group>";
		};
		57020B262277542400FDC893 /* LaunchScreen.storyboard */ = {
			isa = PBXVariantGroup;
			children = (
				57020B272277542400FDC893 /* Base */,
			);
			name = LaunchScreen.storyboard;
			sourceTree = "<group>";
		};
/* End PBXVariantGroup section */

/* Begin XCBuildConfiguration section */
		57020B402277542400FDC893 /* Debug */ = {
			isa = XCBuildConfiguration;
			buildSettings = {
				ALWAYS_SEARCH_USER_PATHS = NO;
				CLANG_ANALYZER_NONNULL = YES;
				CLANG_ANALYZER_NUMBER_OBJECT_CONVERSION = YES_AGGRESSIVE;
				CLANG_CXX_LANGUAGE_STANDARD = "gnu++14";
				CLANG_CXX_LIBRARY = "libc++";
				CLANG_ENABLE_MODULES = YES;
				CLANG_ENABLE_OBJC_ARC = YES;
				CLANG_ENABLE_OBJC_WEAK = YES;
				CLANG_WARN_BLOCK_CAPTURE_AUTORELEASING = YES;
				CLANG_WARN_BOOL_CONVERSION = YES;
				CLANG_WARN_COMMA = YES;
				CLANG_WARN_CONSTANT_CONVERSION = YES;
				CLANG_WARN_DEPRECATED_OBJC_IMPLEMENTATIONS = YES;
				CLANG_WARN_DIRECT_OBJC_ISA_USAGE = YES_ERROR;
				CLANG_WARN_DOCUMENTATION_COMMENTS = YES;
				CLANG_WARN_EMPTY_BODY = YES;
				CLANG_WARN_ENUM_CONVERSION = YES;
				CLANG_WARN_INFINITE_RECURSION = YES;
				CLANG_WARN_INT_CONVERSION = YES;
				CLANG_WARN_NON_LITERAL_NULL_CONVERSION = YES;
				CLANG_WARN_OBJC_IMPLICIT_RETAIN_SELF = YES;
				CLANG_WARN_OBJC_LITERAL_CONVERSION = YES;
				CLANG_WARN_OBJC_ROOT_CLASS = YES_ERROR;
				CLANG_WARN_RANGE_LOOP_ANALYSIS = YES;
				CLANG_WARN_STRICT_PROTOTYPES = YES;
				CLANG_WARN_SUSPICIOUS_MOVE = YES;
				CLANG_WARN_UNGUARDED_AVAILABILITY = YES_AGGRESSIVE;
				CLANG_WARN_UNREACHABLE_CODE = YES;
				CLANG_WARN__DUPLICATE_METHOD_MATCH = YES;
				CODE_SIGN_IDENTITY = "iPhone Developer";
				COPY_PHASE_STRIP = NO;
				DEBUG_INFORMATION_FORMAT = dwarf;
				ENABLE_STRICT_OBJC_MSGSEND = YES;
				ENABLE_TESTABILITY = YES;
				GCC_C_LANGUAGE_STANDARD = gnu11;
				GCC_DYNAMIC_NO_PIC = NO;
				GCC_NO_COMMON_BLOCKS = YES;
				GCC_OPTIMIZATION_LEVEL = 0;
				GCC_PREPROCESSOR_DEFINITIONS = (
					"DEBUG=1",
					"$(inherited)",
				);
				GCC_WARN_64_TO_32_BIT_CONVERSION = YES;
				GCC_WARN_ABOUT_RETURN_TYPE = YES_ERROR;
				GCC_WARN_UNDECLARED_SELECTOR = YES;
				GCC_WARN_UNINITIALIZED_AUTOS = YES_AGGRESSIVE;
				GCC_WARN_UNUSED_FUNCTION = YES;
				GCC_WARN_UNUSED_VARIABLE = YES;
				IPHONEOS_DEPLOYMENT_TARGET = 12.1;
				MTL_ENABLE_DEBUG_INFO = INCLUDE_SOURCE;
				MTL_FAST_MATH = YES;
				ONLY_ACTIVE_ARCH = YES;
				SDKROOT = iphoneos;
				SWIFT_ACTIVE_COMPILATION_CONDITIONS = DEBUG;
				SWIFT_OPTIMIZATION_LEVEL = "-Onone";
			};
			name = Debug;
		};
		57020B412277542400FDC893 /* Release */ = {
			isa = XCBuildConfiguration;
			buildSettings = {
				ALWAYS_SEARCH_USER_PATHS = NO;
				CLANG_ANALYZER_NONNULL = YES;
				CLANG_ANALYZER_NUMBER_OBJECT_CONVERSION = YES_AGGRESSIVE;
				CLANG_CXX_LANGUAGE_STANDARD = "gnu++14";
				CLANG_CXX_LIBRARY = "libc++";
				CLANG_ENABLE_MODULES = YES;
				CLANG_ENABLE_OBJC_ARC = YES;
				CLANG_ENABLE_OBJC_WEAK = YES;
				CLANG_WARN_BLOCK_CAPTURE_AUTORELEASING = YES;
				CLANG_WARN_BOOL_CONVERSION = YES;
				CLANG_WARN_COMMA = YES;
				CLANG_WARN_CONSTANT_CONVERSION = YES;
				CLANG_WARN_DEPRECATED_OBJC_IMPLEMENTATIONS = YES;
				CLANG_WARN_DIRECT_OBJC_ISA_USAGE = YES_ERROR;
				CLANG_WARN_DOCUMENTATION_COMMENTS = YES;
				CLANG_WARN_EMPTY_BODY = YES;
				CLANG_WARN_ENUM_CONVERSION = YES;
				CLANG_WARN_INFINITE_RECURSION = YES;
				CLANG_WARN_INT_CONVERSION = YES;
				CLANG_WARN_NON_LITERAL_NULL_CONVERSION = YES;
				CLANG_WARN_OBJC_IMPLICIT_RETAIN_SELF = YES;
				CLANG_WARN_OBJC_LITERAL_CONVERSION = YES;
				CLANG_WARN_OBJC_ROOT_CLASS = YES_ERROR;
				CLANG_WARN_RANGE_LOOP_ANALYSIS = YES;
				CLANG_WARN_STRICT_PROTOTYPES = YES;
				CLANG_WARN_SUSPICIOUS_MOVE = YES;
				CLANG_WARN_UNGUARDED_AVAILABILITY = YES_AGGRESSIVE;
				CLANG_WARN_UNREACHABLE_CODE = YES;
				CLANG_WARN__DUPLICATE_METHOD_MATCH = YES;
				CODE_SIGN_IDENTITY = "iPhone Developer";
				COPY_PHASE_STRIP = NO;
				DEBUG_INFORMATION_FORMAT = "dwarf-with-dsym";
				ENABLE_NS_ASSERTIONS = NO;
				ENABLE_STRICT_OBJC_MSGSEND = YES;
				GCC_C_LANGUAGE_STANDARD = gnu11;
				GCC_NO_COMMON_BLOCKS = YES;
				GCC_WARN_64_TO_32_BIT_CONVERSION = YES;
				GCC_WARN_ABOUT_RETURN_TYPE = YES_ERROR;
				GCC_WARN_UNDECLARED_SELECTOR = YES;
				GCC_WARN_UNINITIALIZED_AUTOS = YES_AGGRESSIVE;
				GCC_WARN_UNUSED_FUNCTION = YES;
				GCC_WARN_UNUSED_VARIABLE = YES;
				IPHONEOS_DEPLOYMENT_TARGET = 12.1;
				MTL_ENABLE_DEBUG_INFO = NO;
				MTL_FAST_MATH = YES;
				SDKROOT = iphoneos;
				SWIFT_COMPILATION_MODE = wholemodule;
				SWIFT_OPTIMIZATION_LEVEL = "-O";
				VALIDATE_PRODUCT = YES;
			};
			name = Release;
		};
		57020B432277542400FDC893 /* Debug */ = {
			isa = XCBuildConfiguration;
			buildSettings = {
				ASSETCATALOG_COMPILER_APPICON_NAME = AppIcon;
				CODE_SIGN_STYLE = Automatic;
				INFOPLIST_FILE = 2019_ios_hw8/Info.plist;
				LD_RUNPATH_SEARCH_PATHS = (
					"$(inherited)",
					"@executable_path/Frameworks",
				);
				PRODUCT_BUNDLE_IDENTIFIER = "river.-019-ios-hw8";
				PRODUCT_NAME = "$(TARGET_NAME)";
				SWIFT_VERSION = 4.2;
				TARGETED_DEVICE_FAMILY = "1,2";
			};
			name = Debug;
		};
		57020B442277542400FDC893 /* Release */ = {
			isa = XCBuildConfiguration;
			buildSettings = {
				ASSETCATALOG_COMPILER_APPICON_NAME = AppIcon;
				CODE_SIGN_STYLE = Automatic;
				INFOPLIST_FILE = 2019_ios_hw8/Info.plist;
				LD_RUNPATH_SEARCH_PATHS = (
					"$(inherited)",
					"@executable_path/Frameworks",
				);
				PRODUCT_BUNDLE_IDENTIFIER = "river.-019-ios-hw8";
				PRODUCT_NAME = "$(TARGET_NAME)";
				SWIFT_VERSION = 4.2;
				TARGETED_DEVICE_FAMILY = "1,2";
			};
			name = Release;
		};
		57020B462277542400FDC893 /* Debug */ = {
			isa = XCBuildConfiguration;
			buildSettings = {
				ALWAYS_EMBED_SWIFT_STANDARD_LIBRARIES = YES;
				BUNDLE_LOADER = "$(TEST_HOST)";
				CODE_SIGN_STYLE = Automatic;
				INFOPLIST_FILE = 2019_ios_hw8Tests/Info.plist;
				LD_RUNPATH_SEARCH_PATHS = (
					"$(inherited)",
					"@executable_path/Frameworks",
					"@loader_path/Frameworks",
				);
				PRODUCT_BUNDLE_IDENTIFIER = "river.-019-ios-hw8Tests";
				PRODUCT_NAME = "$(TARGET_NAME)";
				SWIFT_VERSION = 4.2;
				TARGETED_DEVICE_FAMILY = "1,2";
				TEST_HOST = "$(BUILT_PRODUCTS_DIR)/2019_ios_hw8.app/2019_ios_hw8";
			};
			name = Debug;
		};
		57020B472277542400FDC893 /* Release */ = {
			isa = XCBuildConfiguration;
			buildSettings = {
				ALWAYS_EMBED_SWIFT_STANDARD_LIBRARIES = YES;
				BUNDLE_LOADER = "$(TEST_HOST)";
				CODE_SIGN_STYLE = Automatic;
				INFOPLIST_FILE = 2019_ios_hw8Tests/Info.plist;
				LD_RUNPATH_SEARCH_PATHS = (
					"$(inherited)",
					"@executable_path/Frameworks",
					"@loader_path/Frameworks",
				);
				PRODUCT_BUNDLE_IDENTIFIER = "river.-019-ios-hw8Tests";
				PRODUCT_NAME = "$(TARGET_NAME)";
				SWIFT_VERSION = 4.2;
				TARGETED_DEVICE_FAMILY = "1,2";
				TEST_HOST = "$(BUILT_PRODUCTS_DIR)/2019_ios_hw8.app/2019_ios_hw8";
			};
			name = Release;
		};
		57020B492277542400FDC893 /* Debug */ = {
			isa = XCBuildConfiguration;
			buildSettings = {
				ALWAYS_EMBED_SWIFT_STANDARD_LIBRARIES = YES;
				CODE_SIGN_STYLE = Automatic;
				INFOPLIST_FILE = 2019_ios_hw8UITests/Info.plist;
				LD_RUNPATH_SEARCH_PATHS = (
					"$(inherited)",
					"@executable_path/Frameworks",
					"@loader_path/Frameworks",
				);
				PRODUCT_BUNDLE_IDENTIFIER = "river.-019-ios-hw8UITests";
				PRODUCT_NAME = "$(TARGET_NAME)";
				SWIFT_VERSION = 4.2;
				TARGETED_DEVICE_FAMILY = "1,2";
				TEST_TARGET_NAME = 2019_ios_hw8;
			};
			name = Debug;
		};
		57020B4A2277542400FDC893 /* Release */ = {
			isa = XCBuildConfiguration;
			buildSettings = {
				ALWAYS_EMBED_SWIFT_STANDARD_LIBRARIES = YES;
				CODE_SIGN_STYLE = Automatic;
				INFOPLIST_FILE = 2019_ios_hw8UITests/Info.plist;
				LD_RUNPATH_SEARCH_PATHS = (
					"$(inherited)",
					"@executable_path/Frameworks",
					"@loader_path/Frameworks",
				);
				PRODUCT_BUNDLE_IDENTIFIER = "river.-019-ios-hw8UITests";
				PRODUCT_NAME = "$(TARGET_NAME)";
				SWIFT_VERSION = 4.2;
				TARGETED_DEVICE_FAMILY = "1,2";
				TEST_TARGET_NAME = 2019_ios_hw8;
			};
			name = Release;
		};
/* End XCBuildConfiguration section */

/* Begin XCConfigurationList section */
		57020B152277542200FDC893 /* Build configuration list for PBXProject "2019_ios_hw8" */ = {
			isa = XCConfigurationList;
			buildConfigurations = (
				57020B402277542400FDC893 /* Debug */,
				57020B412277542400FDC893 /* Release */,
			);
			defaultConfigurationIsVisible = 0;
			defaultConfigurationName = Release;
		};
		57020B422277542400FDC893 /* Build configuration list for PBXNativeTarget "2019_ios_hw8" */ = {
			isa = XCConfigurationList;
			buildConfigurations = (
				57020B432277542400FDC893 /* Debug */,
				57020B442277542400FDC893 /* Release */,
			);
			defaultConfigurationIsVisible = 0;
			defaultConfigurationName = Release;
		};
		57020B452277542400FDC893 /* Build configuration list for PBXNativeTarget "2019_ios_hw8Tests" */ = {
			isa = XCConfigurationList;
			buildConfigurations = (
				57020B462277542400FDC893 /* Debug */,
				57020B472277542400FDC893 /* Release */,
			);
			defaultConfigurationIsVisible = 0;
			defaultConfigurationName = Release;
		};
		57020B482277542400FDC893 /* Build configuration list for PBXNativeTarget "2019_ios_hw8UITests" */ = {
			isa = XCConfigurationList;
			buildConfigurations = (
				57020B492277542400FDC893 /* Debug */,
				57020B4A2277542400FDC893 /* Release */,
			);
			defaultConfigurationIsVisible = 0;
			defaultConfigurationName = Release;
		};
/* End XCConfigurationList section */
	};
	rootObject = 57020B122277542200FDC893 /* Project object */;
}
